github.com/charlievieth/fastwalk v1.0.14 h1:3Eh5uaFGwHZd8EGwTjJnSpBkfwfsak9h6ICgnWlhAyg=
github.com/charlievieth/fastwalk v1.0.14/go.mod h1:diVcUreiU1aQ4/Wu3NbxxH4/KYdKpLDojrQ1Bb2KgNY=
github.com/pkg/xattr v0.4.12 h1:rRTkSyFNTRElv6pkA3zpjHpQ90p/OdHQC1GmGh1aTjM=
github.com/pkg/xattr v0.4.12/go.mod h1:di8WF84zAKk8jzR1UBTEWh9AUlIZZ7M/JNt8e9B6ktU=
golang.org/x/sys v0.0.0-20220408201424-a24fb2fb8a0f h1:8w7RhxzTVgUzw/AH/9mUV5q0vMgy40SQRursCcfmkCw=
golang.org/x/sys v0.0.0-20220408201424-a24fb2fb8a0f/go.mod h1:oPkhp1MJrh7nUepCBck5+mAzfO9JrbApNNgaTdGDITg=
golang.org/x/sys v0.37.0 h1:fdNQudmxPjkdUTPnLn5mdQv7Zwvbvpaxqs831goi9kQ=
golang.org/x/sys v0.37.0/go.mod h1:OgkHotnGiDImocRcuBABYBEXf8A9a87e/uXjp9XT3ks=
